
Microsoft Visual Studio Solution File, Format Version 12.00
# Visual Studio Version 16
VisualStudioVersion = 16.0.31321.278
MinimumVisualStudioVersion = 10.0.40219.1
Project("{FAE04EC0-301F-11D3-BF4B-00C04F79EFBC}") = "Обработка фото", "Обработка фото\Обработка фото.csproj", "{501DC8DD-1976-4432-AB04-E6DAFFFF7010}"
EndProject
Global
	GlobalSection(SolutionConfigurationPlatforms) = preSolution
		Debug|Any CPU = Debug|Any CPU
		Release|Any CPU = Release|Any CPU
	EndGlobalSection
	GlobalSection(ProjectConfigurationPlatforms) = postSolution
		{501DC8DD-1976-4432-AB04-E6DAFFFF7010}.Debug|Any CPU.ActiveCfg = Debug|Any CPU
		{501DC8DD-1976-4432-AB04-E6DAFFFF7010}.Debug|Any CPU.Build.0 = Debug|Any CPU
		{501DC8DD-1976-4432-AB04-E6DAFFFF7010}.Release|Any CPU.ActiveCfg = Release|Any CPU
		{501DC8DD-1976-4432-AB04-E6DAFFFF7010}.Release|Any CPU.Build.0 = Release|Any CPU
	EndGlobalSection
	GlobalSection(SolutionProperties) = preSolution
		HideSolutionNode = FALSE
	EndGlobalSection
	GlobalSection(ExtensibilityGlobals) = postSolution
		SolutionGuid = {F9DF556D-5D5C-4856-9137-8B865B23EE76}
	EndGlobalSection
EndGlobal
